
Microsoft Visual Studio Solution File, Format Version 12.00
# Visual Studio 14
VisualStudioVersion = 14.0.25123.0
MinimumVisualStudioVersion = 10.0.40219.1
Project("{FAE04EC0-301F-11D3-BF4B-00C04F79EFBC}") = "Domain", "Domain\Domain.csproj", "{99442ACC-A914-4BDF-8DE5-D074FA0447F5}"
EndProject
Project("{2150E333-8FDC-42A3-9474-1A3956D46DE8}") = "source", "source", "{0BF3A469-7636-402A-BD26-CAED0707384E}"
EndProject
Project("{2150E333-8FDC-42A3-9474-1A3956D46DE8}") = "tests", "tests", "{2D6216A8-6D43-4425-AE18-23A1949D9A68}"
EndProject
Project("{FAE04EC0-301F-11D3-BF4B-00C04F79EFBC}") = "Domain.Tests", "Domain.Tests\Domain.Tests.csproj", "{4485B480-C910-4C3B-A402-1C61A0BB5DFF}"
EndProject
Project("{FAE04EC0-301F-11D3-BF4B-00C04F79EFBC}") = "Domain.Sql", "Domain.Sql\Domain.Sql.csproj", "{DEC1C144-4D30-4A83-A03A-8F90085C87EF}"
EndProject
Project("{FAE04EC0-301F-11D3-BF4B-00C04F79EFBC}") = "Domain.Sql.Tests", "Domain.Sql.Tests\Domain.Sql.Tests.csproj", "{8F59D318-8365-4240-B72E-9C69BF5AD748}"
EndProject
Project("{2150E333-8FDC-42A3-9474-1A3956D46DE8}") = "tests domains", "tests domains", "{0C3BB7C4-4227-49CA-97A8-7D8A2B196A8A}"
EndProject
Project("{FAE04EC0-301F-11D3-BF4B-00C04F79EFBC}") = "Test.Domain.Ordering", "Sample.Domain\Test.Domain.Ordering.csproj", "{FEAF4C39-FA30-4718-B781-9BEC29E87D86}"
EndProject
Project("{FAE04EC0-301F-11D3-BF4B-00C04F79EFBC}") = "Test.Domain.Ordering.Api", "Sample.Domain.Api\Test.Domain.Ordering.Api.csproj", "{D561CDB3-2C8F-48F1-9F19-A0CD77F7C726}"
EndProject
Project("{FAE04EC0-301F-11D3-BF4B-00C04F79EFBC}") = "Domain.Api", "Domain.Api\Domain.Api.csproj", "{B9B510BA-35DF-4CAE-A620-83752749139E}"
EndProject
Project("{FAE04EC0-301F-11D3-BF4B-00C04F79EFBC}") = "Domain.Api.Tests", "Domain.Api.Tests\Domain.Api.Tests.csproj", "{1D0F1E71-D656-48BF-9F74-D989AA32E30E}"
EndProject
Project("{2150E333-8FDC-42A3-9474-1A3956D46DE8}") = ".nuget", ".nuget", "{51C40F9F-A364-465B-A8E2-C6272EB70CE2}"
	ProjectSection(SolutionItems) = preProject
		.nuget\NuGet.Config = .nuget\NuGet.Config
		.nuget\NuGet.exe = .nuget\NuGet.exe
		.nuget\NuGet.targets = .nuget\NuGet.targets
	EndProjectSection
EndProject
Project("{FAE04EC0-301F-11D3-BF4B-00C04F79EFBC}") = "Domain.Testing", "Domain.Testing\Domain.Testing.csproj", "{523C8F45-D471-4033-A8D3-5234E5C2BA10}"
EndProject
Project("{FAE04EC0-301F-11D3-BF4B-00C04F79EFBC}") = "Recipes", "Recipes\Recipes.csproj", "{02C62BEC-31F5-48D6-8627-A4DE4EF90C91}"
EndProject
Project("{FAE04EC0-301F-11D3-BF4B-00C04F79EFBC}") = "Recipes.Tests", "Recipes.Tests\Recipes.Tests.csproj", "{665F1ADA-C1F6-46DE-A391-CEFE3CE5EFA6}"
EndProject
Project("{FAE04EC0-301F-11D3-BF4B-00C04F79EFBC}") = "Domain.Testing.Tests", "Domain.Testing.Tests\Domain.Testing.Tests.csproj", "{EFB70581-86EF-42CB-99A7-CB91B1A81274}"
EndProject
Project("{2150E333-8FDC-42A3-9474-1A3956D46DE8}") = "common", "common", "{A9C8A1EC-6647-44BA-9A93-D9EDC39F6385}"
	ProjectSection(SolutionItems) = preProject
		AssemblyVersion.cs = AssemblyVersion.cs
	EndProjectSection
EndProject
Project("{2150E333-8FDC-42A3-9474-1A3956D46DE8}") = "Solution Items", "Solution Items", "{161ACB04-1D76-4173-A6FE-99D761CA47FC}"
	ProjectSection(SolutionItems) = preProject
		appveyor.yml = appveyor.yml
		AssemblyVersion.cs = AssemblyVersion.cs
		buildNuget.ps1 = buildNuget.ps1
		nuget.config = nuget.config
		README.md = README.md
	EndProjectSection
EndProject
Project("{FAE04EC0-301F-11D3-BF4B-00C04F79EFBC}") = "Test.Domain.Banking", "Samples\Banking\Banking.Domain\Test.Domain.Banking.csproj", "{0388601C-B785-498D-92DE-5B8C376728C0}"
EndProject
Project("{FAE04EC0-301F-11D3-BF4B-00C04F79EFBC}") = "Test.Domain.Banking.Tests", "Samples\Banking\Banking.Domain.Tests\Test.Domain.Banking.Tests.csproj", "{0896B13F-E931-4E6C-ADB1-19CEAD0AA612}"
EndProject
Project("{2150E333-8FDC-42A3-9474-1A3956D46DE8}") = "databases", "databases", "{75561932-D550-43F0-AFCA-D25BF39A6DAC}"
EndProject
Project("{00D1A9C2-B5F0-4AF3-8072-F6C62B433612}") = "CommandSchedulerDb", "Databases\CommandSchedulerDb\CommandSchedulerDb.sqlproj", "{D665ED47-517A-4D08-9B6C-AFB1F8D44CED}"
EndProject
Project("{00D1A9C2-B5F0-4AF3-8072-F6C62B433612}") = "EventStoreDb", "Databases\EventStoreDb\EventStoreDb.sqlproj", "{C5647C5B-424D-40A9-9257-464DFBF989BB}"
EndProject
Global
	GlobalSection(SolutionConfigurationPlatforms) = preSolution
		Debug|Any CPU = Debug|Any CPU
		Release|Any CPU = Release|Any CPU
	EndGlobalSection
	GlobalSection(ProjectConfigurationPlatforms) = postSolution
		{99442ACC-A914-4BDF-8DE5-D074FA0447F5}.Debug|Any CPU.ActiveCfg = Debug|Any CPU
		{99442ACC-A914-4BDF-8DE5-D074FA0447F5}.Debug|Any CPU.Build.0 = Debug|Any CPU
		{99442ACC-A914-4BDF-8DE5-D074FA0447F5}.Release|Any CPU.ActiveCfg = Release|Any CPU
		{99442ACC-A914-4BDF-8DE5-D074FA0447F5}.Release|Any CPU.Build.0 = Release|Any CPU
		{4485B480-C910-4C3B-A402-1C61A0BB5DFF}.Debug|Any CPU.ActiveCfg = Debug|Any CPU
		{4485B480-C910-4C3B-A402-1C61A0BB5DFF}.Debug|Any CPU.Build.0 = Debug|Any CPU
		{4485B480-C910-4C3B-A402-1C61A0BB5DFF}.Release|Any CPU.ActiveCfg = Release|Any CPU
		{4485B480-C910-4C3B-A402-1C61A0BB5DFF}.Release|Any CPU.Build.0 = Release|Any CPU
		{DEC1C144-4D30-4A83-A03A-8F90085C87EF}.Debug|Any CPU.ActiveCfg = Debug|Any CPU
		{DEC1C144-4D30-4A83-A03A-8F90085C87EF}.Debug|Any CPU.Build.0 = Debug|Any CPU
		{DEC1C144-4D30-4A83-A03A-8F90085C87EF}.Release|Any CPU.ActiveCfg = Release|Any CPU
		{DEC1C144-4D30-4A83-A03A-8F90085C87EF}.Release|Any CPU.Build.0 = Release|Any CPU
		{8F59D318-8365-4240-B72E-9C69BF5AD748}.Debug|Any CPU.ActiveCfg = Debug|Any CPU
		{8F59D318-8365-4240-B72E-9C69BF5AD748}.Debug|Any CPU.Build.0 = Debug|Any CPU
		{8F59D318-8365-4240-B72E-9C69BF5AD748}.Release|Any CPU.ActiveCfg = Release|Any CPU
		{8F59D318-8365-4240-B72E-9C69BF5AD748}.Release|Any CPU.Build.0 = Release|Any CPU
		{FEAF4C39-FA30-4718-B781-9BEC29E87D86}.Debug|Any CPU.ActiveCfg = Debug|Any CPU
		{FEAF4C39-FA30-4718-B781-9BEC29E87D86}.Debug|Any CPU.Build.0 = Debug|Any CPU
		{FEAF4C39-FA30-4718-B781-9BEC29E87D86}.Release|Any CPU.ActiveCfg = Release|Any CPU
		{FEAF4C39-FA30-4718-B781-9BEC29E87D86}.Release|Any CPU.Build.0 = Release|Any CPU
		{D561CDB3-2C8F-48F1-9F19-A0CD77F7C726}.Debug|Any CPU.ActiveCfg = Debug|Any CPU
		{D561CDB3-2C8F-48F1-9F19-A0CD77F7C726}.Debug|Any CPU.Build.0 = Debug|Any CPU
		{D561CDB3-2C8F-48F1-9F19-A0CD77F7C726}.Release|Any CPU.ActiveCfg = Release|Any CPU
		{D561CDB3-2C8F-48F1-9F19-A0CD77F7C726}.Release|Any CPU.Build.0 = Release|Any CPU
		{B9B510BA-35DF-4CAE-A620-83752749139E}.Debug|Any CPU.ActiveCfg = Debug|Any CPU
		{B9B510BA-35DF-4CAE-A620-83752749139E}.Debug|Any CPU.Build.0 = Debug|Any CPU
		{B9B510BA-35DF-4CAE-A620-83752749139E}.Release|Any CPU.ActiveCfg = Release|Any CPU
		{B9B510BA-35DF-4CAE-A620-83752749139E}.Release|Any CPU.Build.0 = Release|Any CPU
		{1D0F1E71-D656-48BF-9F74-D989AA32E30E}.Debug|Any CPU.ActiveCfg = Debug|Any CPU
		{1D0F1E71-D656-48BF-9F74-D989AA32E30E}.Debug|Any CPU.Build.0 = Debug|Any CPU
		{1D0F1E71-D656-48BF-9F74-D989AA32E30E}.Release|Any CPU.ActiveCfg = Release|Any CPU
		{1D0F1E71-D656-48BF-9F74-D989AA32E30E}.Release|Any CPU.Build.0 = Release|Any CPU
		{523C8F45-D471-4033-A8D3-5234E5C2BA10}.Debug|Any CPU.ActiveCfg = Debug|Any CPU
		{523C8F45-D471-4033-A8D3-5234E5C2BA10}.Debug|Any CPU.Build.0 = Debug|Any CPU
		{523C8F45-D471-4033-A8D3-5234E5C2BA10}.Release|Any CPU.ActiveCfg = Release|Any CPU
		{523C8F45-D471-4033-A8D3-5234E5C2BA10}.Release|Any CPU.Build.0 = Release|Any CPU
		{02C62BEC-31F5-48D6-8627-A4DE4EF90C91}.Debug|Any CPU.ActiveCfg = Debug|Any CPU
		{02C62BEC-31F5-48D6-8627-A4DE4EF90C91}.Debug|Any CPU.Build.0 = Debug|Any CPU
		{02C62BEC-31F5-48D6-8627-A4DE4EF90C91}.Release|Any CPU.ActiveCfg = Release|Any CPU
		{02C62BEC-31F5-48D6-8627-A4DE4EF90C91}.Release|Any CPU.Build.0 = Release|Any CPU
		{665F1ADA-C1F6-46DE-A391-CEFE3CE5EFA6}.Debug|Any CPU.ActiveCfg = Debug|Any CPU
		{665F1ADA-C1F6-46DE-A391-CEFE3CE5EFA6}.Debug|Any CPU.Build.0 = Debug|Any CPU
		{665F1ADA-C1F6-46DE-A391-CEFE3CE5EFA6}.Release|Any CPU.ActiveCfg = Release|Any CPU
		{665F1ADA-C1F6-46DE-A391-CEFE3CE5EFA6}.Release|Any CPU.Build.0 = Release|Any CPU
		{EFB70581-86EF-42CB-99A7-CB91B1A81274}.Debug|Any CPU.ActiveCfg = Debug|Any CPU
		{EFB70581-86EF-42CB-99A7-CB91B1A81274}.Debug|Any CPU.Build.0 = Debug|Any CPU
		{EFB70581-86EF-42CB-99A7-CB91B1A81274}.Release|Any CPU.ActiveCfg = Release|Any CPU
		{EFB70581-86EF-42CB-99A7-CB91B1A81274}.Release|Any CPU.Build.0 = Release|Any CPU
		{0388601C-B785-498D-92DE-5B8C376728C0}.Debug|Any CPU.ActiveCfg = Debug|Any CPU
		{0388601C-B785-498D-92DE-5B8C376728C0}.Debug|Any CPU.Build.0 = Debug|Any CPU
		{0388601C-B785-498D-92DE-5B8C376728C0}.Release|Any CPU.ActiveCfg = Release|Any CPU
		{0388601C-B785-498D-92DE-5B8C376728C0}.Release|Any CPU.Build.0 = Release|Any CPU
		{0896B13F-E931-4E6C-ADB1-19CEAD0AA612}.Debug|Any CPU.ActiveCfg = Debug|Any CPU
		{0896B13F-E931-4E6C-ADB1-19CEAD0AA612}.Debug|Any CPU.Build.0 = Debug|Any CPU
		{0896B13F-E931-4E6C-ADB1-19CEAD0AA612}.Release|Any CPU.ActiveCfg = Release|Any CPU
		{0896B13F-E931-4E6C-ADB1-19CEAD0AA612}.Release|Any CPU.Build.0 = Release|Any CPU
		{D665ED47-517A-4D08-9B6C-AFB1F8D44CED}.Debug|Any CPU.ActiveCfg = Debug|Any CPU
		{D665ED47-517A-4D08-9B6C-AFB1F8D44CED}.Debug|Any CPU.Build.0 = Debug|Any CPU
		{D665ED47-517A-4D08-9B6C-AFB1F8D44CED}.Debug|Any CPU.Deploy.0 = Debug|Any CPU
		{D665ED47-517A-4D08-9B6C-AFB1F8D44CED}.Release|Any CPU.ActiveCfg = Release|Any CPU
		{D665ED47-517A-4D08-9B6C-AFB1F8D44CED}.Release|Any CPU.Build.0 = Release|Any CPU
		{D665ED47-517A-4D08-9B6C-AFB1F8D44CED}.Release|Any CPU.Deploy.0 = Release|Any CPU
		{C5647C5B-424D-40A9-9257-464DFBF989BB}.Debug|Any CPU.ActiveCfg = Debug|Any CPU
		{C5647C5B-424D-40A9-9257-464DFBF989BB}.Debug|Any CPU.Build.0 = Debug|Any CPU
		{C5647C5B-424D-40A9-9257-464DFBF989BB}.Debug|Any CPU.Deploy.0 = Debug|Any CPU
		{C5647C5B-424D-40A9-9257-464DFBF989BB}.Release|Any CPU.ActiveCfg = Release|Any CPU
		{C5647C5B-424D-40A9-9257-464DFBF989BB}.Release|Any CPU.Build.0 = Release|Any CPU
		{C5647C5B-424D-40A9-9257-464DFBF989BB}.Release|Any CPU.Deploy.0 = Release|Any CPU
	EndGlobalSection
	GlobalSection(SolutionProperties) = preSolution
		HideSolutionNode = FALSE
	EndGlobalSection
	GlobalSection(NestedProjects) = preSolution
		{99442ACC-A914-4BDF-8DE5-D074FA0447F5} = {0BF3A469-7636-402A-BD26-CAED0707384E}
		{4485B480-C910-4C3B-A402-1C61A0BB5DFF} = {2D6216A8-6D43-4425-AE18-23A1949D9A68}
		{DEC1C144-4D30-4A83-A03A-8F90085C87EF} = {0BF3A469-7636-402A-BD26-CAED0707384E}
		{8F59D318-8365-4240-B72E-9C69BF5AD748} = {2D6216A8-6D43-4425-AE18-23A1949D9A68}
		{FEAF4C39-FA30-4718-B781-9BEC29E87D86} = {0C3BB7C4-4227-49CA-97A8-7D8A2B196A8A}
		{D561CDB3-2C8F-48F1-9F19-A0CD77F7C726} = {0C3BB7C4-4227-49CA-97A8-7D8A2B196A8A}
		{B9B510BA-35DF-4CAE-A620-83752749139E} = {0BF3A469-7636-402A-BD26-CAED0707384E}
		{1D0F1E71-D656-48BF-9F74-D989AA32E30E} = {2D6216A8-6D43-4425-AE18-23A1949D9A68}
		{523C8F45-D471-4033-A8D3-5234E5C2BA10} = {0BF3A469-7636-402A-BD26-CAED0707384E}
		{02C62BEC-31F5-48D6-8627-A4DE4EF90C91} = {0BF3A469-7636-402A-BD26-CAED0707384E}
		{665F1ADA-C1F6-46DE-A391-CEFE3CE5EFA6} = {2D6216A8-6D43-4425-AE18-23A1949D9A68}
		{EFB70581-86EF-42CB-99A7-CB91B1A81274} = {2D6216A8-6D43-4425-AE18-23A1949D9A68}
		{A9C8A1EC-6647-44BA-9A93-D9EDC39F6385} = {0BF3A469-7636-402A-BD26-CAED0707384E}
		{0388601C-B785-498D-92DE-5B8C376728C0} = {0C3BB7C4-4227-49CA-97A8-7D8A2B196A8A}
		{0896B13F-E931-4E6C-ADB1-19CEAD0AA612} = {0C3BB7C4-4227-49CA-97A8-7D8A2B196A8A}
		{D665ED47-517A-4D08-9B6C-AFB1F8D44CED} = {75561932-D550-43F0-AFCA-D25BF39A6DAC}
		{C5647C5B-424D-40A9-9257-464DFBF989BB} = {75561932-D550-43F0-AFCA-D25BF39A6DAC}
	EndGlobalSection
	GlobalSection(ExtensibilityGlobals) = postSolution
		EnterpriseLibraryConfigurationToolBinariesPath = packages\Unity.2.1.505.2\lib\NET35
	EndGlobalSection
EndGlobal
