
Microsoft Visual Studio Solution File, Format Version 12.00
# Visual Studio 2012
Project("{FAE04EC0-301F-11D3-BF4B-00C04F79EFBC}") = "Banking.Domain", "Banking.Domain\Banking.Domain.csproj", "{0388601C-B785-498D-92DE-5B8C376728C0}"
EndProject
Project("{2150E333-8FDC-42A3-9474-1A3956D46DE8}") = "source", "source", "{D6B0CFE2-B0D8-4768-866A-7506F9CAF75A}"
EndProject
Project("{2150E333-8FDC-42A3-9474-1A3956D46DE8}") = "tests", "tests", "{7E6B75E6-8729-4E4A-B001-7D372917AD56}"
EndProject
Project("{FAE04EC0-301F-11D3-BF4B-00C04F79EFBC}") = "Banking.Domain.Tests", "Banking.Domain.Tests\Banking.Domain.Tests.csproj", "{0896B13F-E931-4E6C-ADB1-19CEAD0AA612}"
EndProject
Global
	GlobalSection(SolutionConfigurationPlatforms) = preSolution
		Debug|Any CPU = Debug|Any CPU
		Release|Any CPU = Release|Any CPU
	EndGlobalSection
	GlobalSection(ProjectConfigurationPlatforms) = postSolution
		{0388601C-B785-498D-92DE-5B8C376728C0}.Debug|Any CPU.ActiveCfg = Debug|Any CPU
		{0388601C-B785-498D-92DE-5B8C376728C0}.Debug|Any CPU.Build.0 = Debug|Any CPU
		{0388601C-B785-498D-92DE-5B8C376728C0}.Release|Any CPU.ActiveCfg = Release|Any CPU
		{0388601C-B785-498D-92DE-5B8C376728C0}.Release|Any CPU.Build.0 = Release|Any CPU
		{0896B13F-E931-4E6C-ADB1-19CEAD0AA612}.Debug|Any CPU.ActiveCfg = Debug|Any CPU
		{0896B13F-E931-4E6C-ADB1-19CEAD0AA612}.Debug|Any CPU.Build.0 = Debug|Any CPU
		{0896B13F-E931-4E6C-ADB1-19CEAD0AA612}.Release|Any CPU.ActiveCfg = Release|Any CPU
		{0896B13F-E931-4E6C-ADB1-19CEAD0AA612}.Release|Any CPU.Build.0 = Release|Any CPU
	EndGlobalSection
	GlobalSection(SolutionProperties) = preSolution
		HideSolutionNode = FALSE
	EndGlobalSection
	GlobalSection(NestedProjects) = preSolution
		{0388601C-B785-498D-92DE-5B8C376728C0} = {D6B0CFE2-B0D8-4768-866A-7506F9CAF75A}
		{0896B13F-E931-4E6C-ADB1-19CEAD0AA612} = {7E6B75E6-8729-4E4A-B001-7D372917AD56}
	EndGlobalSection
EndGlobal
